<Solution>
  <Folder Name="/src/">
    <Project Path="src/Pennington/Pennington.csproj" />
    <Project Path="src/Pennington.UI/Pennington.UI.csproj" />
    <Project Path="src/Pennington.MonorailCss/Pennington.MonorailCss.csproj" />
    <Project Path="src/Pennington.DocSite/Pennington.DocSite.csproj" />
    <Project Path="src/Pennington.DocSite.Api/Pennington.DocSite.Api.csproj" />
    <Project Path="src/Pennington.ApiMetadata/Pennington.ApiMetadata.csproj" />
    <Project Path="src/Pennington.ApiMetadata.Reflection/Pennington.ApiMetadata.Reflection.csproj" />
    <Project Path="src/Pennington.Roslyn/Pennington.Roslyn.csproj" />
    <Project Path="src/Pennington.TranslationAudit/Pennington.TranslationAudit.csproj" />
    <Project Path="src/Pennington.BlogSite/Pennington.BlogSite.csproj" />
    <Project Path="src/Pennington.Tui/Pennington.Tui.csproj" />
    <Project Path="src/Pennington.Templates/Pennington.Templates.csproj" />
  </Folder>
  <Folder Name="/tests/">
    <Project Path="tests/Pennington.Tests/Pennington.Tests.csproj" />
    <Project Path="tests/Pennington.IntegrationTests/Pennington.IntegrationTests.csproj" />
    <Project Path="tests/Pennington.Roslyn.Tests/Pennington.Roslyn.Tests.csproj" />
  </Folder>
  <Folder Name="/docs/">
    <Project Path="docs/Pennington.Docs/Pennington.Docs.csproj" />
  </Folder>
  <Folder Name="/examples/">
    <Project Path="examples/GettingStartedMinimalSiteExample/GettingStartedMinimalSiteExample.csproj" />
    <Project Path="examples/GettingStartedBlazorPagesExample/GettingStartedBlazorPagesExample.csproj" />
    <Project Path="examples/GettingStartedStylingExample/GettingStartedStylingExample.csproj" />
    <Project Path="examples/GettingStartedNavigationExample/GettingStartedNavigationExample.csproj" />
    <Project Path="examples/DocSiteScaffoldExample/DocSiteScaffoldExample.csproj" />
    <Project Path="examples/DocSitePagesAndLinksExample/DocSitePagesAndLinksExample.csproj" />
    <Project Path="examples/DocSiteSectionsExample/DocSiteSectionsExample.csproj" />
    <Project Path="examples/DocSiteBlogExample/DocSiteBlogExample.csproj" />
    <Project Path="examples/DocSiteSharedCorpusExample/DocSiteSharedCorpusExample.csproj" />
    <Project Path="examples/BlogSiteScaffoldExample/BlogSiteScaffoldExample.csproj" />
    <Project Path="examples/BlogSiteFirstPostExample/BlogSiteFirstPostExample.csproj" />
    <Project Path="examples/BlogSiteHeroProjectsSocialsExample/BlogSiteHeroProjectsSocialsExample.csproj" />
    <Project Path="examples/BeyondLocaleExample/BeyondLocaleExample.csproj" />
    <Project Path="examples/BeyondTranslationAuditExample/BeyondTranslationAuditExample.csproj" />
    <Project Path="examples/BeyondRoslynExample/BeyondRoslynExample.csproj" />
    <Project Path="examples/BeyondRoslynExample/Sample/BeyondRoslynExample.Sample.csproj" />
    <Project Path="examples/BeyondCustomRazorComponentExample/BeyondCustomRazorComponentExample.csproj" />
    <Project Path="examples/BareHostRazorPageExample/BareHostRazorPageExample.csproj" />
    <Project Path="examples/DocSiteKitchenSinkExample/DocSiteKitchenSinkExample.csproj" />
    <Project Path="examples/MultipleSourcesExample/MultipleSourcesExample.csproj" />
    <Project Path="examples/BlogKitchenSinkExample/BlogKitchenSinkExample.csproj" />
    <Project Path="examples/ExtensibilityLabExample/ExtensibilityLabExample.csproj" />
    <Project Path="examples/DocSiteChromeOverridesExample/DocSiteChromeOverridesExample.csproj" />
    <Project Path="examples/SubPathDeployableExample/SubPathDeployableExample.csproj" />
    <Project Path="examples/FocusedCodeSamplesExample/FocusedCodeSamplesExample.csproj" />
    <Project Path="examples/BeyondTuiExample/BeyondTuiExample.csproj" />
    <Project Path="examples/FusionCacheDocSiteExample/FusionCacheDocSiteExample.csproj" />
    <Project Path="examples/SpectreConsoleDocSiteExample/SpectreConsoleDocSiteExample.csproj" />
    <Project Path="examples/VersionedDocSiteExample/VersionedDocSiteExample.csproj" />
    <Project Path="examples/SpaPlaygroundExample/SpaPlaygroundExample.csproj" />
    <Project Path="examples/EventMicrositeExample/EventMicrositeExample.csproj" />
    <Project Path="examples/BareHostSearchExample/BareHostSearchExample.csproj" />
  </Folder>
</Solution>
