<Solution>
  <Folder Name="/src/">
    <Project Path="src/Pennington/Pennington.csproj" />
    <Project Path="src/Pennington.UI/Pennington.UI.csproj" />
    <Project Path="src/Pennington.MonorailCss/Pennington.MonorailCss.csproj" />
    <Project Path="src/Pennington.DocSite/Pennington.DocSite.csproj" />
    <Project Path="src/Pennington.Roslyn/Pennington.Roslyn.csproj" />
    <Project Path="src/Pennington.BlogSite/Pennington.BlogSite.csproj" />
  </Folder>
  <Folder Name="/tests/">
    <Project Path="tests/Pennington.Tests/Pennington.Tests.csproj" />
    <Project Path="tests/Pennington.IntegrationTests/Pennington.IntegrationTests.csproj" />
    <Project Path="tests/Pennington.Roslyn.Tests/Pennington.Roslyn.Tests.csproj" />
  </Folder>
  <Folder Name="/docs/">
    <Project Path="docs/Pennington.Docs/Pennington.Docs.csproj" />
  </Folder>
  <Folder Name="/examples/">
    <Project Path="examples/GettingStartedMinimalSiteExample/GettingStartedMinimalSiteExample.csproj" />
    <Project Path="examples/GettingStartedFirstPageExample/GettingStartedFirstPageExample.csproj" />
    <Project Path="examples/GettingStartedStylingExample/GettingStartedStylingExample.csproj" />
    <Project Path="examples/DocSiteScaffoldExample/DocSiteScaffoldExample.csproj" />
    <Project Path="examples/DocSiteAuthorExample/DocSiteAuthorExample.csproj" />
    <Project Path="examples/DocSiteSectionsExample/DocSiteSectionsExample.csproj" />
    <Project Path="examples/BlogSiteScaffoldExample/BlogSiteScaffoldExample.csproj" />
    <Project Path="examples/BlogSiteFirstPostExample/BlogSiteFirstPostExample.csproj" />
    <Project Path="examples/BlogSiteHeroProjectsSocialsExample/BlogSiteHeroProjectsSocialsExample.csproj" />
    <Project Path="examples/BeyondLocaleExample/BeyondLocaleExample.csproj" />
    <Project Path="examples/BeyondRoslynExample/BeyondRoslynExample.csproj" />
    <Project Path="examples/BeyondRoslynExample/Sample/BeyondRoslynExample.Sample.csproj" />
    <Project Path="examples/BeyondCustomRazorComponentExample/BeyondCustomRazorComponentExample.csproj" />
    <Project Path="examples/DocSiteKitchenSinkExample/DocSiteKitchenSinkExample.csproj" />
    <Project Path="examples/BlogKitchenSinkExample/BlogKitchenSinkExample.csproj" />
  </Folder>
</Solution>
